// !$*UTF8*$!
{
	archiveVersion = 1;
	classes = {
	};
	objectVersion = 55;
	objects = {

/* Begin PBXBuildFile section */
		4D2D84E028763248006B102F /* AppDelegate.swift in Sources */ = {isa = PBXBuildFile; fileRef = 4D2D84DF28763248006B102F /* AppDelegate.swift */; };
		4D2D84E228763248006B102F /* SceneDelegate.swift in Sources */ = {isa = PBXBuildFile; fileRef = 4D2D84E128763248006B102F /* SceneDelegate.swift */; };
		4D2D84E428763248006B102F /* ViewController.swift in Sources */ = {isa = PBXBuildFile; fileRef = 4D2D84E328763248006B102F /* ViewController.swift */; };
		4D2D84E728763248006B102F /* Main.storyboard in Resources */ = {isa = PBXBuildFile; fileRef = 4D2D84E528763248006B102F /* Main.storyboard */; };
		4D2D84E928763249006B102F /* Assets.xcassets in Resources */ = {isa = PBXBuildFile; fileRef = 4D2D84E828763249006B102F /* Assets.xcassets */; };
		4D2D84EC28763249006B102F /* LaunchScreen.storyboard in Resources */ = {isa = PBXBuildFile; fileRef = 4D2D84EA28763249006B102F /* LaunchScreen.storyboard */; };
		4D2D84F728763249006B102F /* FingerCountTests.swift in Sources */ = {isa = PBXBuildFile; fileRef = 4D2D84F628763249006B102F /* FingerCountTests.swift */; };
		4D2D850128763249006B102F /* FingerCountUITests.swift in Sources */ = {isa = PBXBuildFile; fileRef = 4D2D850028763249006B102F /* FingerCountUITests.swift */; };
		4D2D850328763249006B102F /* FingerCountUITestsLaunchTests.swift in Sources */ = {isa = PBXBuildFile; fileRef = 4D2D850228763249006B102F /* FingerCountUITestsLaunchTests.swift */; };
/* End PBXBuildFile section */

/* Begin PBXContainerItemProxy section */
		4D2D84F328763249006B102F /* PBXContainerItemProxy */ = {
			isa = PBXContainerItemProxy;
			containerPortal = 4D2D84D428763248006B102F /* Project object */;
			proxyType = 1;
			remoteGlobalIDString = 4D2D84DB28763248006B102F;
			remoteInfo = FingerCount;
		};
		4D2D84FD28763249006B102F /* PBXContainerItemProxy */ = {
			isa = PBXContainerItemProxy;
			containerPortal = 4D2D84D428763248006B102F /* Project object */;
			proxyType = 1;
			remoteGlobalIDString = 4D2D84DB28763248006B102F;
			remoteInfo = FingerCount;
		};
/* End PBXContainerItemProxy section */

/* Begin PBXFileReference section */
		4D2D84DC28763248006B102F /* FingerCount.app */ = {isa = PBXFileReference; explicitFileType = wrapper.application; includeInIndex = 0; path = FingerCount.app; sourceTree = BUILT_PRODUCTS_DIR; };
		4D2D84DF28763248006B102F /* AppDelegate.swift */ = {isa = PBXFileReference; lastKnownFileType = sourcecode.swift; path = AppDelegate.swift; sourceTree = "<group>"; };
		4D2D84E128763248006B102F /* SceneDelegate.swift */ = {isa = PBXFileReference; lastKnownFileType = sourcecode.swift; path = SceneDelegate.swift; sourceTree = "<group>"; };
		4D2D84E328763248006B102F /* ViewController.swift */ = {isa = PBXFileReference; lastKnownFileType = sourcecode.swift; path = ViewController.swift; sourceTree = "<group>"; };
		4D2D84E628763248006B102F /* Base */ = {isa = PBXFileReference; lastKnownFileType = file.storyboard; name = Base; path = Base.lproj/Main.storyboard; sourceTree = "<group>"; };
		4D2D84E828763249006B102F /* Assets.xcassets */ = {isa = PBXFileReference; lastKnownFileType = folder.assetcatalog; path = Assets.xcassets; sourceTree = "<group>"; };
		4D2D84EB28763249006B102F /* Base */ = {isa = PBXFileReference; lastKnownFileType = file.storyboard; name = Base; path = Base.lproj/LaunchScreen.storyboard; sourceTree = "<group>"; };
		4D2D84ED28763249006B102F /* Info.plist */ = {isa = PBXFileReference; lastKnownFileType = text.plist.xml; path = Info.plist; sourceTree = "<group>"; };
		4D2D84F228763249006B102F /* FingerCountTests.xctest */ = {isa = PBXFileReference; explicitFileType = wrapper.cfbundle; includeInIndex = 0; path = FingerCountTests.xctest; sourceTree = BUILT_PRODUCTS_DIR; };
		4D2D84F628763249006B102F /* FingerCountTests.swift */ = {isa = PBXFileReference; lastKnownFileType = sourcecode.swift; path = FingerCountTests.swift; sourceTree = "<group>"; };
		4D2D84FC28763249006B102F /* FingerCountUITests.xctest */ = {isa = PBXFileReference; explicitFileType = wrapper.cfbundle; includeInIndex = 0; path = FingerCountUITests.xctest; sourceTree = BUILT_PRODUCTS_DIR; };
		4D2D850028763249006B102F /* FingerCountUITests.swift */ = {isa = PBXFileReference; lastKnownFileType = sourcecode.swift; path = FingerCountUITests.swift; sourceTree = "<group>"; };
		4D2D850228763249006B102F /* FingerCountUITestsLaunchTests.swift */ = {isa = PBXFileReference; lastKnownFileType = sourcecode.swift; path = FingerCountUITestsLaunchTests.swift; sourceTree = "<group>"; };
/* End PBXFileReference section */

/* Begin PBXFrameworksBuildPhase section */
		4D2D84D928763248006B102F /* Frameworks */ = {
			isa = PBXFrameworksBuildPhase;
			buildActionMask = 2147483647;
			files = (
			);
			runOnlyForDeploymentPostprocessing = 0;
		};
		4D2D84EF28763249006B102F /* Frameworks */ = {
			isa = PBXFrameworksBuildPhase;
			buildActionMask = 2147483647;
			files = (
			);
			runOnlyForDeploymentPostprocessing = 0;
		};
		4D2D84F928763249006B102F /* Frameworks */ = {
			isa = PBXFrameworksBuildPhase;
			buildActionMask = 2147483647;
			files = (
			);
			runOnlyForDeploymentPostprocessing = 0;
		};
/* End PBXFrameworksBuildPhase section */

/* Begin PBXGroup section */
		4D2D84D328763248006B102F = {
			isa = PBXGroup;
			children = (
				4D2D84DE28763248006B102F /* FingerCount */,
				4D2D84F528763249006B102F /* FingerCountTests */,
				4D2D84FF28763249006B102F /* FingerCountUITests */,
				4D2D84DD28763248006B102F /* Products */,
			);
			sourceTree = "<group>";
		};
		4D2D84DD28763248006B102F /* Products */ = {
			isa = PBXGroup;
			children = (
				4D2D84DC28763248006B102F /* FingerCount.app */,
				4D2D84F228763249006B102F /* FingerCountTests.xctest */,
				4D2D84FC28763249006B102F /* FingerCountUITests.xctest */,
			);
			name = Products;
			sourceTree = "<group>";
		};
		4D2D84DE28763248006B102F /* FingerCount */ = {
			isa = PBXGroup;
			children = (
				4D2D84DF28763248006B102F /* AppDelegate.swift */,
				4D2D84E128763248006B102F /* SceneDelegate.swift */,
				4D2D84E328763248006B102F /* ViewController.swift */,
				4D2D84E528763248006B102F /* Main.storyboard */,
				4D2D84E828763249006B102F /* Assets.xcassets */,
				4D2D84EA28763249006B102F /* LaunchScreen.storyboard */,
				4D2D84ED28763249006B102F /* Info.plist */,
			);
			path = FingerCount;
			sourceTree = "<group>";
		};
		4D2D84F528763249006B102F /* FingerCountTests */ = {
			isa = PBXGroup;
			children = (
				4D2D84F628763249006B102F /* FingerCountTests.swift */,
			);
			path = FingerCountTests;
			sourceTree = "<group>";
		};
		4D2D84FF28763249006B102F /* FingerCountUITests */ = {
			isa = PBXGroup;
			children = (
				4D2D850028763249006B102F /* FingerCountUITests.swift */,
				4D2D850228763249006B102F /* FingerCountUITestsLaunchTests.swift */,
			);
			path = FingerCountUITests;
			sourceTree = "<group>";
		};
/* End PBXGroup section */

/* Begin PBXNativeTarget section */
		4D2D84DB28763248006B102F /* FingerCount */ = {
			isa = PBXNativeTarget;
			buildConfigurationList = 4D2D850628763249006B102F /* Build configuration list for PBXNativeTarget "FingerCount" */;
			buildPhases = (
				4D2D84D828763248006B102F /* Sources */,
				4D2D84D928763248006B102F /* Frameworks */,
				4D2D84DA28763248006B102F /* Resources */,
			);
			buildRules = (
			);
			dependencies = (
			);
			name = FingerCount;
			productName = FingerCount;
			productReference = 4D2D84DC28763248006B102F /* FingerCount.app */;
			productType = "com.apple.product-type.application";
		};
		4D2D84F128763249006B102F /* FingerCountTests */ = {
			isa = PBXNativeTarget;
			buildConfigurationList = 4D2D850928763249006B102F /* Build configuration list for PBXNativeTarget "FingerCountTests" */;
			buildPhases = (
				4D2D84EE28763249006B102F /* Sources */,
				4D2D84EF28763249006B102F /* Frameworks */,
				4D2D84F028763249006B102F /* Resources */,
			);
			buildRules = (
			);
			dependencies = (
				4D2D84F428763249006B102F /* PBXTargetDependency */,
			);
			name = FingerCountTests;
			productName = FingerCountTests;
			productReference = 4D2D84F228763249006B102F /* FingerCountTests.xctest */;
			productType = "com.apple.product-type.bundle.unit-test";
		};
		4D2D84FB28763249006B102F /* FingerCountUITests */ = {
			isa = PBXNativeTarget;
			buildConfigurationList = 4D2D850C28763249006B102F /* Build configuration list for PBXNativeTarget "FingerCountUITests" */;
			buildPhases = (
				4D2D84F828763249006B102F /* Sources */,
				4D2D84F928763249006B102F /* Frameworks */,
				4D2D84FA28763249006B102F /* Resources */,
			);
			buildRules = (
			);
			dependencies = (
				4D2D84FE28763249006B102F /* PBXTargetDependency */,
			);
			name = FingerCountUITests;
			productName = FingerCountUITests;
			productReference = 4D2D84FC28763249006B102F /* FingerCountUITests.xctest */;
			productType = "com.apple.product-type.bundle.ui-testing";
		};
/* End PBXNativeTarget section */

/* Begin PBXProject section */
		4D2D84D428763248006B102F /* Project object */ = {
			isa = PBXProject;
			attributes = {
				BuildIndependentTargetsInParallel = 1;
				LastSwiftUpdateCheck = 1330;
				LastUpgradeCheck = 1330;
				TargetAttributes = {
					4D2D84DB28763248006B102F = {
						CreatedOnToolsVersion = 13.3;
					};
					4D2D84F128763249006B102F = {
						CreatedOnToolsVersion = 13.3;
						TestTargetID = 4D2D84DB28763248006B102F;
					};
					4D2D84FB28763249006B102F = {
						CreatedOnToolsVersion = 13.3;
						TestTargetID = 4D2D84DB28763248006B102F;
					};
				};
			};
			buildConfigurationList = 4D2D84D728763248006B102F /* Build configuration list for PBXProject "FingerCount" */;
			compatibilityVersion = "Xcode 13.0";
			developmentRegion = en;
			hasScannedForEncodings = 0;
			knownRegions = (
				en,
				Base,
			);
			mainGroup = 4D2D84D328763248006B102F;
			productRefGroup = 4D2D84DD28763248006B102F /* Products */;
			projectDirPath = "";
			projectRoot = "";
			targets = (
				4D2D84DB28763248006B102F /* FingerCount */,
				4D2D84F128763249006B102F /* FingerCountTests */,
				4D2D84FB28763249006B102F /* FingerCountUITests */,
			);
		};
/* End PBXProject section */

/* Begin PBXResourcesBuildPhase section */
		4D2D84DA28763248006B102F /* Resources */ = {
			isa = PBXResourcesBuildPhase;
			buildActionMask = 2147483647;
			files = (
				4D2D84EC28763249006B102F /* LaunchScreen.storyboard in Resources */,
				4D2D84E928763249006B102F /* Assets.xcassets in Resources */,
				4D2D84E728763248006B102F /* Main.storyboard in Resources */,
			);
			runOnlyForDeploymentPostprocessing = 0;
		};
		4D2D84F028763249006B102F /* Resources */ = {
			isa = PBXResourcesBuildPhase;
			buildActionMask = 2147483647;
			files = (
			);
			runOnlyForDeploymentPostprocessing = 0;
		};
		4D2D84FA28763249006B102F /* Resources */ = {
			isa = PBXResourcesBuildPhase;
			buildActionMask = 2147483647;
			files = (
			);
			runOnlyForDeploymentPostprocessing = 0;
		};
/* End PBXResourcesBuildPhase section */

/* Begin PBXSourcesBuildPhase section */
		4D2D84D828763248006B102F /* Sources */ = {
			isa = PBXSourcesBuildPhase;
			buildActionMask = 2147483647;
			files = (
				4D2D84E428763248006B102F /* ViewController.swift in Sources */,
				4D2D84E028763248006B102F /* AppDelegate.swift in Sources */,
				4D2D84E228763248006B102F /* SceneDelegate.swift in Sources */,
			);
			runOnlyForDeploymentPostprocessing = 0;
		};
		4D2D84EE28763249006B102F /* Sources */ = {
			isa = PBXSourcesBuildPhase;
			buildActionMask = 2147483647;
			files = (
				4D2D84F728763249006B102F /* FingerCountTests.swift in Sources */,
			);
			runOnlyForDeploymentPostprocessing = 0;
		};
		4D2D84F828763249006B102F /* Sources */ = {
			isa = PBXSourcesBuildPhase;
			buildActionMask = 2147483647;
			files = (
				4D2D850128763249006B102F /* FingerCountUITests.swift in Sources */,
				4D2D850328763249006B102F /* FingerCountUITestsLaunchTests.swift in Sources */,
			);
			runOnlyForDeploymentPostprocessing = 0;
		};
/* End PBXSourcesBuildPhase section */

/* Begin PBXTargetDependency section */
		4D2D84F428763249006B102F /* PBXTargetDependency */ = {
			isa = PBXTargetDependency;
			target = 4D2D84DB28763248006B102F /* FingerCount */;
			targetProxy = 4D2D84F328763249006B102F /* PBXContainerItemProxy */;
		};
		4D2D84FE28763249006B102F /* PBXTargetDependency */ = {
			isa = PBXTargetDependency;
			target = 4D2D84DB28763248006B102F /* FingerCount */;
			targetProxy = 4D2D84FD28763249006B102F /* PBXContainerItemProxy */;
		};
/* End PBXTargetDependency section */

/* Begin PBXVariantGroup section */
		4D2D84E528763248006B102F /* Main.storyboard */ = {
			isa = PBXVariantGroup;
			children = (
				4D2D84E628763248006B102F /* Base */,
			);
			name = Main.storyboard;
			sourceTree = "<group>";
		};
		4D2D84EA28763249006B102F /* LaunchScreen.storyboard */ = {
			isa = PBXVariantGroup;
			children = (
				4D2D84EB28763249006B102F /* Base */,
			);
			name = LaunchScreen.storyboard;
			sourceTree = "<group>";
		};
/* End PBXVariantGroup section */

/* Begin XCBuildConfiguration section */
		4D2D850428763249006B102F /* Debug */ = {
			isa = XCBuildConfiguration;
			buildSettings = {
				ALWAYS_SEARCH_USER_PATHS = NO;
				CLANG_ANALYZER_NONNULL = YES;
				CLANG_ANALYZER_NUMBER_OBJECT_CONVERSION = YES_AGGRESSIVE;
				CLANG_CXX_LANGUAGE_STANDARD = "gnu++17";
				CLANG_ENABLE_MODULES = YES;
				CLANG_ENABLE_OBJC_ARC = YES;
				CLANG_ENABLE_OBJC_WEAK = YES;
				CLANG_WARN_BLOCK_CAPTURE_AUTORELEASING = YES;
				CLANG_WARN_BOOL_CONVERSION = YES;
				CLANG_WARN_COMMA = YES;
				CLANG_WARN_CONSTANT_CONVERSION = YES;
				CLANG_WARN_DEPRECATED_OBJC_IMPLEMENTATIONS = YES;
				CLANG_WARN_DIRECT_OBJC_ISA_USAGE = YES_ERROR;
				CLANG_WARN_DOCUMENTATION_COMMENTS = YES;
				CLANG_WARN_EMPTY_BODY = YES;
				CLANG_WARN_ENUM_CONVERSION = YES;
				CLANG_WARN_INFINITE_RECURSION = YES;
				CLANG_WARN_INT_CONVERSION = YES;
				CLANG_WARN_NON_LITERAL_NULL_CONVERSION = YES;
				CLANG_WARN_OBJC_IMPLICIT_RETAIN_SELF = YES;
				CLANG_WARN_OBJC_LITERAL_CONVERSION = YES;
				CLANG_WARN_OBJC_ROOT_CLASS = YES_ERROR;
				CLANG_WARN_QUOTED_INCLUDE_IN_FRAMEWORK_HEADER = YES;
				CLANG_WARN_RANGE_LOOP_ANALYSIS = YES;
				CLANG_WARN_STRICT_PROTOTYPES = YES;
				CLANG_WARN_SUSPICIOUS_MOVE = YES;
				CLANG_WARN_UNGUARDED_AVAILABILITY = YES_AGGRESSIVE;
				CLANG_WARN_UNREACHABLE_CODE = YES;
				CLANG_WARN__DUPLICATE_METHOD_MATCH = YES;
				COPY_PHASE_STRIP = NO;
				DEBUG_INFORMATION_FORMAT = dwarf;
				ENABLE_STRICT_OBJC_MSGSEND = YES;
				ENABLE_TESTABILITY = YES;
				GCC_C_LANGUAGE_STANDARD = gnu11;
				GCC_DYNAMIC_NO_PIC = NO;
				GCC_NO_COMMON_BLOCKS = YES;
				GCC_OPTIMIZATION_LEVEL = 0;
				GCC_PREPROCESSOR_DEFINITIONS = (
					"DEBUG=1",
					"$(inherited)",
				);
				GCC_WARN_64_TO_32_BIT_CONVERSION = YES;
				GCC_WARN_ABOUT_RETURN_TYPE = YES_ERROR;
				GCC_WARN_UNDECLARED_SELECTOR = YES;
				GCC_WARN_UNINITIALIZED_AUTOS = YES_AGGRESSIVE;
				GCC_WARN_UNUSED_FUNCTION = YES;
				GCC_WARN_UNUSED_VARIABLE = YES;
				IPHONEOS_DEPLOYMENT_TARGET = 15.4;
				MTL_ENABLE_DEBUG_INFO = INCLUDE_SOURCE;
				MTL_FAST_MATH = YES;
				ONLY_ACTIVE_ARCH = YES;
				SDKROOT = iphoneos;
				SWIFT_ACTIVE_COMPILATION_CONDITIONS = DEBUG;
				SWIFT_OPTIMIZATION_LEVEL = "-Onone";
			};
			name = Debug;
		};
		4D2D850528763249006B102F /* Release */ = {
			isa = XCBuildConfiguration;
			buildSettings = {
				ALWAYS_SEARCH_USER_PATHS = NO;
				CLANG_ANALYZER_NONNULL = YES;
				CLANG_ANALYZER_NUMBER_OBJECT_CONVERSION = YES_AGGRESSIVE;
				CLANG_CXX_LANGUAGE_STANDARD = "gnu++17";
				CLANG_ENABLE_MODULES = YES;
				CLANG_ENABLE_OBJC_ARC = YES;
				CLANG_ENABLE_OBJC_WEAK = YES;
				CLANG_WARN_BLOCK_CAPTURE_AUTORELEASING = YES;
				CLANG_WARN_BOOL_CONVERSION = YES;
				CLANG_WARN_COMMA = YES;
				CLANG_WARN_CONSTANT_CONVERSION = YES;
				CLANG_WARN_DEPRECATED_OBJC_IMPLEMENTATIONS = YES;
				CLANG_WARN_DIRECT_OBJC_ISA_USAGE = YES_ERROR;
				CLANG_WARN_DOCUMENTATION_COMMENTS = YES;
				CLANG_WARN_EMPTY_BODY = YES;
				CLANG_WARN_ENUM_CONVERSION = YES;
				CLANG_WARN_INFINITE_RECURSION = YES;
				CLANG_WARN_INT_CONVERSION = YES;
				CLANG_WARN_NON_LITERAL_NULL_CONVERSION = YES;
				CLANG_WARN_OBJC_IMPLICIT_RETAIN_SELF = YES;
				CLANG_WARN_OBJC_LITERAL_CONVERSION = YES;
				CLANG_WARN_OBJC_ROOT_CLASS = YES_ERROR;
				CLANG_WARN_QUOTED_INCLUDE_IN_FRAMEWORK_HEADER = YES;
				CLANG_WARN_RANGE_LOOP_ANALYSIS = YES;
				CLANG_WARN_STRICT_PROTOTYPES = YES;
				CLANG_WARN_SUSPICIOUS_MOVE = YES;
				CLANG_WARN_UNGUARDED_AVAILABILITY = YES_AGGRESSIVE;
				CLANG_WARN_UNREACHABLE_CODE = YES;
				CLANG_WARN__DUPLICATE_METHOD_MATCH = YES;
				COPY_PHASE_STRIP = NO;
				DEBUG_INFORMATION_FORMAT = "dwarf-with-dsym";
				ENABLE_NS_ASSERTIONS = NO;
				ENABLE_STRICT_OBJC_MSGSEND = YES;
				GCC_C_LANGUAGE_STANDARD = gnu11;
				GCC_NO_COMMON_BLOCKS = YES;
				GCC_WARN_64_TO_32_BIT_CONVERSION = YES;
				GCC_WARN_ABOUT_RETURN_TYPE = YES_ERROR;
				GCC_WARN_UNDECLARED_SELECTOR = YES;
				GCC_WARN_UNINITIALIZED_AUTOS = YES_AGGRESSIVE;
				GCC_WARN_UNUSED_FUNCTION = YES;
				GCC_WARN_UNUSED_VARIABLE = YES;
				IPHONEOS_DEPLOYMENT_TARGET = 15.4;
				MTL_ENABLE_DEBUG_INFO = NO;
				MTL_FAST_MATH = YES;
				SDKROOT = iphoneos;
				SWIFT_COMPILATION_MODE = wholemodule;
				SWIFT_OPTIMIZATION_LEVEL = "-O";
				VALIDATE_PRODUCT = YES;
			};
			name = Release;
		};
		4D2D850728763249006B102F /* Debug */ = {
			isa = XCBuildConfiguration;
			buildSettings = {
				ASSETCATALOG_COMPILER_APPICON_NAME = AppIcon;
				ASSETCATALOG_COMPILER_GLOBAL_ACCENT_COLOR_NAME = AccentColor;
				CODE_SIGN_STYLE = Automatic;
				CURRENT_PROJECT_VERSION = 1;
				GENERATE_INFOPLIST_FILE = YES;
				INFOPLIST_FILE = FingerCount/Info.plist;
				INFOPLIST_KEY_UIApplicationSupportsIndirectInputEvents = YES;
				INFOPLIST_KEY_UILaunchStoryboardName = LaunchScreen;
				INFOPLIST_KEY_UIMainStoryboardFile = Main;
				INFOPLIST_KEY_UISupportedInterfaceOrientations_iPad = "UIInterfaceOrientationPortrait UIInterfaceOrientationPortraitUpsideDown UIInterfaceOrientationLandscapeLeft UIInterfaceOrientationLandscapeRight";
				INFOPLIST_KEY_UISupportedInterfaceOrientations_iPhone = "UIInterfaceOrientationPortrait UIInterfaceOrientationLandscapeLeft UIInterfaceOrientationLandscapeRight";
				LD_RUNPATH_SEARCH_PATHS = (
					"$(inherited)",
					"@executable_path/Frameworks",
				);
				MARKETING_VERSION = 1.0;
				PRODUCT_BUNDLE_IDENTIFIER = com.kkamalva.FingerCount;
				PRODUCT_NAME = "$(TARGET_NAME)";
				SWIFT_EMIT_LOC_STRINGS = YES;
				SWIFT_VERSION = 5.0;
				TARGETED_DEVICE_FAMILY = "1,2";
			};
			name = Debug;
		};
		4D2D850828763249006B102F /* Release */ = {
			isa = XCBuildConfiguration;
			buildSettings = {
				ASSETCATALOG_COMPILER_APPICON_NAME = AppIcon;
				ASSETCATALOG_COMPILER_GLOBAL_ACCENT_COLOR_NAME = AccentColor;
				CODE_SIGN_STYLE = Automatic;
				CURRENT_PROJECT_VERSION = 1;
				GENERATE_INFOPLIST_FILE = YES;
				INFOPLIST_FILE = FingerCount/Info.plist;
				INFOPLIST_KEY_UIApplicationSupportsIndirectInputEvents = YES;
				INFOPLIST_KEY_UILaunchStoryboardName = LaunchScreen;
				INFOPLIST_KEY_UIMainStoryboardFile = Main;
				INFOPLIST_KEY_UISupportedInterfaceOrientations_iPad = "UIInterfaceOrientationPortrait UIInterfaceOrientationPortraitUpsideDown UIInterfaceOrientationLandscapeLeft UIInterfaceOrientationLandscapeRight";
				INFOPLIST_KEY_UISupportedInterfaceOrientations_iPhone = "UIInterfaceOrientationPortrait UIInterfaceOrientationLandscapeLeft UIInterfaceOrientationLandscapeRight";
				LD_RUNPATH_SEARCH_PATHS = (
					"$(inherited)",
					"@executable_path/Frameworks",
				);
				MARKETING_VERSION = 1.0;
				PRODUCT_BUNDLE_IDENTIFIER = com.kkamalva.FingerCount;
				PRODUCT_NAME = "$(TARGET_NAME)";
				SWIFT_EMIT_LOC_STRINGS = YES;
				SWIFT_VERSION = 5.0;
				TARGETED_DEVICE_FAMILY = "1,2";
			};
			name = Release;
		};
		4D2D850A28763249006B102F /* Debug */ = {
			isa = XCBuildConfiguration;
			buildSettings = {
				ALWAYS_EMBED_SWIFT_STANDARD_LIBRARIES = YES;
				BUNDLE_LOADER = "$(TEST_HOST)";
				CODE_SIGN_STYLE = Automatic;
				CURRENT_PROJECT_VERSION = 1;
				GENERATE_INFOPLIST_FILE = YES;
				IPHONEOS_DEPLOYMENT_TARGET = 15.4;
				MARKETING_VERSION = 1.0;
				PRODUCT_BUNDLE_IDENTIFIER = com.kkamalva.FingerCountTests;
				PRODUCT_NAME = "$(TARGET_NAME)";
				SWIFT_EMIT_LOC_STRINGS = NO;
				SWIFT_VERSION = 5.0;
				TARGETED_DEVICE_FAMILY = "1,2";
				TEST_HOST = "$(BUILT_PRODUCTS_DIR)/FingerCount.app/FingerCount";
			};
			name = Debug;
		};
		4D2D850B28763249006B102F /* Release */ = {
			isa = XCBuildConfiguration;
			buildSettings = {
				ALWAYS_EMBED_SWIFT_STANDARD_LIBRARIES = YES;
				BUNDLE_LOADER = "$(TEST_HOST)";
				CODE_SIGN_STYLE = Automatic;
				CURRENT_PROJECT_VERSION = 1;
				GENERATE_INFOPLIST_FILE = YES;
				IPHONEOS_DEPLOYMENT_TARGET = 15.4;
				MARKETING_VERSION = 1.0;
				PRODUCT_BUNDLE_IDENTIFIER = com.kkamalva.FingerCountTests;
				PRODUCT_NAME = "$(TARGET_NAME)";
				SWIFT_EMIT_LOC_STRINGS = NO;
				SWIFT_VERSION = 5.0;
				TARGETED_DEVICE_FAMILY = "1,2";
				TEST_HOST = "$(BUILT_PRODUCTS_DIR)/FingerCount.app/FingerCount";
			};
			name = Release;
		};
		4D2D850D28763249006B102F /* Debug */ = {
			isa = XCBuildConfiguration;
			buildSettings = {
				ALWAYS_EMBED_SWIFT_STANDARD_LIBRARIES = YES;
				CODE_SIGN_STYLE = Automatic;
				CURRENT_PROJECT_VERSION = 1;
				GENERATE_INFOPLIST_FILE = YES;
				MARKETING_VERSION = 1.0;
				PRODUCT_BUNDLE_IDENTIFIER = com.kkamalva.FingerCountUITests;
				PRODUCT_NAME = "$(TARGET_NAME)";
				SWIFT_EMIT_LOC_STRINGS = NO;
				SWIFT_VERSION = 5.0;
				TARGETED_DEVICE_FAMILY = "1,2";
				TEST_TARGET_NAME = FingerCount;
			};
			name = Debug;
		};
		4D2D850E28763249006B102F /* Release */ = {
			isa = XCBuildConfiguration;
			buildSettings = {
				ALWAYS_EMBED_SWIFT_STANDARD_LIBRARIES = YES;
				CODE_SIGN_STYLE = Automatic;
				CURRENT_PROJECT_VERSION = 1;
				GENERATE_INFOPLIST_FILE = YES;
				MARKETING_VERSION = 1.0;
				PRODUCT_BUNDLE_IDENTIFIER = com.kkamalva.FingerCountUITests;
				PRODUCT_NAME = "$(TARGET_NAME)";
				SWIFT_EMIT_LOC_STRINGS = NO;
				SWIFT_VERSION = 5.0;
				TARGETED_DEVICE_FAMILY = "1,2";
				TEST_TARGET_NAME = FingerCount;
			};
			name = Release;
		};
/* End XCBuildConfiguration section */

/* Begin XCConfigurationList section */
		4D2D84D728763248006B102F /* Build configuration list for PBXProject "FingerCount" */ = {
			isa = XCConfigurationList;
			buildConfigurations = (
				4D2D850428763249006B102F /* Debug */,
				4D2D850528763249006B102F /* Release */,
			);
			defaultConfigurationIsVisible = 0;
			defaultConfigurationName = Release;
		};
		4D2D850628763249006B102F /* Build configuration list for PBXNativeTarget "FingerCount" */ = {
			isa = XCConfigurationList;
			buildConfigurations = (
				4D2D850728763249006B102F /* Debug */,
				4D2D850828763249006B102F /* Release */,
			);
			defaultConfigurationIsVisible = 0;
			defaultConfigurationName = Release;
		};
		4D2D850928763249006B102F /* Build configuration list for PBXNativeTarget "FingerCountTests" */ = {
			isa = XCConfigurationList;
			buildConfigurations = (
				4D2D850A28763249006B102F /* Debug */,
				4D2D850B28763249006B102F /* Release */,
			);
			defaultConfigurationIsVisible = 0;
			defaultConfigurationName = Release;
		};
		4D2D850C28763249006B102F /* Build configuration list for PBXNativeTarget "FingerCountUITests" */ = {
			isa = XCConfigurationList;
			buildConfigurations = (
				4D2D850D28763249006B102F /* Debug */,
				4D2D850E28763249006B102F /* Release */,
			);
			defaultConfigurationIsVisible = 0;
			defaultConfigurationName = Release;
		};
/* End XCConfigurationList section */
	};
	rootObject = 4D2D84D428763248006B102F /* Project object */;
}
